// !$*UTF8*$!
{
	archiveVersion = 1;
	classes = {
	};
	objectVersion = 56;
	objects = {

/* Begin PBXBuildFile section */
		026249F78BA3FB558A44A437 /* DomainModelScenarioTests.swift in Sources */ = {isa = PBXBuildFile; fileRef = D9D942DA834B4DBF2B29E815 /* DomainModelScenarioTests.swift */; };
		154D444194FD87D87C51AE2E /* ExercisePerformanceProfile.swift in Sources */ = {isa = PBXBuildFile; fileRef = 2DEB484F86903D19EF5EE3A1 /* ExercisePerformanceProfile.swift */; };
		15C34FAE988AC886CE32B556 /* TrainingOSApp.swift in Sources */ = {isa = PBXBuildFile; fileRef = 0ECE4ED38B8BB5D487926AE2 /* TrainingOSApp.swift */; };
		19564717B078ADEF7C9B3DBA /* README.swift in Sources */ = {isa = PBXBuildFile; fileRef = F57E4BE7B19DB8066F238EAF /* README.swift */; };
		1A1D408293D161A258FD95B2 /* RecordSetResultUseCase.swift in Sources */ = {isa = PBXBuildFile; fileRef = ADE74EB1AA70E773434FD7AE /* RecordSetResultUseCase.swift */; };
		265942CB91408A5FC1431A7C /* PlanView.swift in Sources */ = {isa = PBXBuildFile; fileRef = 8FD448339AD7743C6E96C5E8 /* PlanView.swift */; };
		2A0B46528B97BFD96382189C /* DeleteRuleMatrixTests.swift in Sources */ = {isa = PBXBuildFile; fileRef = DDED4D97B6DCEDFC548CFA0F /* DeleteRuleMatrixTests.swift */; };
		2AE7446E8A74C71285070957 /* ExerciseCatalog.swift in Sources */ = {isa = PBXBuildFile; fileRef = F06C4A8EB70BD939F88E40F0 /* ExerciseCatalog.swift */; };
		2F4E4A568F4646C7DBFA3283 /* WorkoutBlock.swift in Sources */ = {isa = PBXBuildFile; fileRef = BC96486DA9896260DC3A6B03 /* WorkoutBlock.swift */; };
		3556469B84F6CA401093BD7E /* PerformanceProfileStore.swift in Sources */ = {isa = PBXBuildFile; fileRef = 55DA4631A6FAA9AD32E226D5 /* PerformanceProfileStore.swift */; };
		36304ABB8AD6372A4B32A404 /* PerformanceProfileContinuityTests.swift in Sources */ = {isa = PBXBuildFile; fileRef = 67A94EB082BEEB5364382007 /* PerformanceProfileContinuityTests.swift */; };
		366443E5BD8999C8E78E0652 /* Day.swift in Sources */ = {isa = PBXBuildFile; fileRef = 1DDA45118C25D6BE76988880 /* Day.swift */; };
		39524618A01A1DB585AC1742 /* PersonalRecord.swift in Sources */ = {isa = PBXBuildFile; fileRef = F70B46E9AB8CC9CF1BA4A8F3 /* PersonalRecord.swift */; };
		3C4C42BEB1C79AB8690D8B49 /* SetPrescription.swift in Sources */ = {isa = PBXBuildFile; fileRef = 99D74BC7A58F6C8626BC0729 /* SetPrescription.swift */; };
		3CCE48928EE09D9EB5DFFF3A /* ProgressView.swift in Sources */ = {isa = PBXBuildFile; fileRef = 1A9E4143B632AF906A87ABB3 /* ProgressView.swift */; };
		41944FBF8F5D7CCAB219705C /* ExercisePrescription.swift in Sources */ = {isa = PBXBuildFile; fileRef = 3CA24116A734F020DC833E51 /* ExercisePrescription.swift */; };
		42AF49CBB4EE9C12D68A4AE3 /* DoubleProgressionEngineTests.swift in Sources */ = {isa = PBXBuildFile; fileRef = F84640CCABE624D401BCE49B /* DoubleProgressionEngineTests.swift */; };
		45D64C7E9DADC2C80E025C64 /* Assets.xcassets in Resources */ = {isa = PBXBuildFile; fileRef = 6FFF44B994BD998E21FDA2B1 /* Assets.xcassets */; };
		4F7941B8BE6A451F5C0DDCDD /* Goal.swift in Sources */ = {isa = PBXBuildFile; fileRef = 628449A59C09C8F04912540C /* Goal.swift */; };
		52184A07B208D7A28490CBC1 /* RootTabView.swift in Sources */ = {isa = PBXBuildFile; fileRef = 7BA1427DA0609DC116808540 /* RootTabView.swift */; };
		5A7146D9B5BF1CC1E9412C4C /* ScoringEngine.swift in Sources */ = {isa = PBXBuildFile; fileRef = 86D3417CB5AF4594F4ABD961 /* ScoringEngine.swift */; };
		686149BC8F6B565266AA1FD3 /* TrainingPlan.swift in Sources */ = {isa = PBXBuildFile; fileRef = 564741819A9BC4BB6B55966D /* TrainingPlan.swift */; };
		6DD6470FBDAB99117E6A361B /* ProgramDefinition.swift in Sources */ = {isa = PBXBuildFile; fileRef = 46D64E949638A868A703AD10 /* ProgramDefinition.swift */; };
		79924882A28404C1BF408077 /* TrainingWeek.swift in Sources */ = {isa = PBXBuildFile; fileRef = 67AD4467B8B43750EB806902 /* TrainingWeek.swift */; };
		81184E0E92B768DE3A108950 /* PlanViewModel.swift in Sources */ = {isa = PBXBuildFile; fileRef = 01384BEE8C06AB6AF0FD4C91 /* PlanViewModel.swift */; };
		833740FE9296ED25B5A080C1 /* Recommendation.swift in Sources */ = {isa = PBXBuildFile; fileRef = 4A914820BEE6C27927E7EC5B /* Recommendation.swift */; };
		86A54A6AAAA0F70E174E137C /* PerformanceProfile.swift in Sources */ = {isa = PBXBuildFile; fileRef = 563A48A4BF8EE6E706C7573F /* PerformanceProfile.swift */; };
		8A1B49BF80F22EBA4D6A7A7D /* ExerciseAlias.swift in Sources */ = {isa = PBXBuildFile; fileRef = C0F84DFD9FD440940FC214C7 /* ExerciseAlias.swift */; };
		8A5B4D17874ACE3DD0C64C64 /* TrainingPhase.swift in Sources */ = {isa = PBXBuildFile; fileRef = 7F8E4FC0837A908866A5600D /* TrainingPhase.swift */; };
		9885484D83C8AC798FD22E4F /* RelationshipOwnershipTests.swift in Sources */ = {isa = PBXBuildFile; fileRef = E5CA481F87C9ED38C25B3099 /* RelationshipOwnershipTests.swift */; };
		98B34629849826709043794A /* ProgramInstance.swift in Sources */ = {isa = PBXBuildFile; fileRef = 3A614E96810AF5695FFB2959 /* ProgramInstance.swift */; };
		9AC746B1A8964441D92DCB96 /* UserProfile.swift in Sources */ = {isa = PBXBuildFile; fileRef = 9F494283AF1486C79968302B /* UserProfile.swift */; };
		9ACB409BBBCAAC0881382041 /* SeedScenarios.swift in Sources */ = {isa = PBXBuildFile; fileRef = D7344E69A1D7073EB3F00E86 /* SeedScenarios.swift */; };
		A0E64E92B88A49379ADD7DB3 /* Exercise.swift in Sources */ = {isa = PBXBuildFile; fileRef = 1DBA416DB9163241C8904958 /* Exercise.swift */; };
		A1DD417290C274A1FA53C21E /* PersistenceRoundTripTests.swift in Sources */ = {isa = PBXBuildFile; fileRef = 402B41029D672B0A24A13EE9 /* PersistenceRoundTripTests.swift */; };
		A5DE443B9820016F7B25503F /* Theme.swift in Sources */ = {isa = PBXBuildFile; fileRef = F6984363BAB3C25F821C4A68 /* Theme.swift */; };
		AA53455B97702276246502BD /* ProgressViewModel.swift in Sources */ = {isa = PBXBuildFile; fileRef = 33BA4F0A8058D84B94D9C93E /* ProgressViewModel.swift */; };
		B492470A82C704361DFD83D9 /* DoubleProgressionEngine.swift in Sources */ = {isa = PBXBuildFile; fileRef = 0BDC45519916B152815768FA /* DoubleProgressionEngine.swift */; };
		B814434288F5F24C68B84D7E /* PersistenceController.swift in Sources */ = {isa = PBXBuildFile; fileRef = 1AEB4E9B9245FE322277D6DE /* PersistenceController.swift */; };
		B8E64EC380D37CC3C6CA2B0F /* WorkoutResult.swift in Sources */ = {isa = PBXBuildFile; fileRef = ECCC40E4A327796A7834F6BF /* WorkoutResult.swift */; };
		BEC248D98E1EACD486A5E0A6 /* Enums.swift in Sources */ = {isa = PBXBuildFile; fileRef = 8027414FAF70D2174E5C77C4 /* Enums.swift */; };
		CFBC43BDBB86765CE0876E76 /* ScoringEngineTests.swift in Sources */ = {isa = PBXBuildFile; fileRef = 76B44D0B853C5E3B6EA76F9E /* ScoringEngineTests.swift */; };
		D43B488AADE01550F3871640 /* RecordWorkoutResultUseCase.swift in Sources */ = {isa = PBXBuildFile; fileRef = F05042E6BB8806D380AB1FEA /* RecordWorkoutResultUseCase.swift */; };
		D4D74B3EB2DFC1C3AEC60580 /* Session.swift in Sources */ = {isa = PBXBuildFile; fileRef = 55294CB586C0774DCEE014DE /* Session.swift */; };
		D7DF49389681F3AC9A616EB3 /* ProgressionEngine.swift in Sources */ = {isa = PBXBuildFile; fileRef = DC82472CB82A7B5F173E2B3E /* ProgressionEngine.swift */; };
		DAA74118BCD45CB03110C22A /* SeedDataProvider.swift in Sources */ = {isa = PBXBuildFile; fileRef = 3393410798D83BA9A1A3C6B2 /* SeedDataProvider.swift */; };
		E10A4DC4B15C67A4525EC555 /* TodayView.swift in Sources */ = {isa = PBXBuildFile; fileRef = 63D243BDABFE7155E54C4700 /* TodayView.swift */; };
		EB7343F88B7CD1686ED4BFDA /* User.swift in Sources */ = {isa = PBXBuildFile; fileRef = D7314521A9B89EAE46D6793A /* User.swift */; };
		F073438A89CC5C7DDE434375 /* TodayViewModel.swift in Sources */ = {isa = PBXBuildFile; fileRef = 94AC491AB3B2B5127C417389 /* TodayViewModel.swift */; };
		FF804079BD522BED37199376 /* SetResult.swift in Sources */ = {isa = PBXBuildFile; fileRef = D68D4140A10109FC098C5519 /* SetResult.swift */; };
/* End PBXBuildFile section */

/* Begin PBXContainerItemProxy section */
		A1AE40FAA954C9122721ED5C /* PBXContainerItemProxy */ = {
			isa = PBXContainerItemProxy;
			containerPortal = D3B3434C96A7E8F831D71BD7 /* Project object */;
			proxyType = 1;
			remoteGlobalIDString = 5C83497D906518FBFBA0078F;
			remoteInfo = TrainingOS;
		};
/* End PBXContainerItemProxy section */

/* Begin PBXFileReference section */
		01384BEE8C06AB6AF0FD4C91 /* PlanViewModel.swift */ = {isa = PBXFileReference; lastKnownFileType = sourcecode.swift; name = PlanViewModel.swift; path = PlanViewModel.swift; sourceTree = "<group>"; };
		0BDC45519916B152815768FA /* DoubleProgressionEngine.swift */ = {isa = PBXFileReference; lastKnownFileType = sourcecode.swift; name = DoubleProgressionEngine.swift; path = DoubleProgressionEngine.swift; sourceTree = "<group>"; };
		0ECE4ED38B8BB5D487926AE2 /* TrainingOSApp.swift */ = {isa = PBXFileReference; lastKnownFileType = sourcecode.swift; name = TrainingOSApp.swift; path = TrainingOSApp.swift; sourceTree = "<group>"; };
		10384933A92AB76C3DBADFFB /* TrainingOSTests.xctest */ = {isa = PBXFileReference; explicitFileType = wrapper.cfbundle; includeInIndex = 0; path = TrainingOSTests.xctest; sourceTree = BUILT_PRODUCTS_DIR; };
		1A9E4143B632AF906A87ABB3 /* ProgressView.swift */ = {isa = PBXFileReference; lastKnownFileType = sourcecode.swift; name = ProgressView.swift; path = ProgressView.swift; sourceTree = "<group>"; };
		1AEB4E9B9245FE322277D6DE /* PersistenceController.swift */ = {isa = PBXFileReference; lastKnownFileType = sourcecode.swift; name = PersistenceController.swift; path = PersistenceController.swift; sourceTree = "<group>"; };
		1DBA416DB9163241C8904958 /* Exercise.swift */ = {isa = PBXFileReference; lastKnownFileType = sourcecode.swift; name = Exercise.swift; path = Exercise.swift; sourceTree = "<group>"; };
		1DDA45118C25D6BE76988880 /* Day.swift */ = {isa = PBXFileReference; lastKnownFileType = sourcecode.swift; name = Day.swift; path = Day.swift; sourceTree = "<group>"; };
		2DEB484F86903D19EF5EE3A1 /* ExercisePerformanceProfile.swift */ = {isa = PBXFileReference; lastKnownFileType = sourcecode.swift; name = ExercisePerformanceProfile.swift; path = ExercisePerformanceProfile.swift; sourceTree = "<group>"; };
		3393410798D83BA9A1A3C6B2 /* SeedDataProvider.swift */ = {isa = PBXFileReference; lastKnownFileType = sourcecode.swift; name = SeedDataProvider.swift; path = SeedDataProvider.swift; sourceTree = "<group>"; };
		33BA4F0A8058D84B94D9C93E /* ProgressViewModel.swift */ = {isa = PBXFileReference; lastKnownFileType = sourcecode.swift; name = ProgressViewModel.swift; path = ProgressViewModel.swift; sourceTree = "<group>"; };
		3A614E96810AF5695FFB2959 /* ProgramInstance.swift */ = {isa = PBXFileReference; lastKnownFileType = sourcecode.swift; name = ProgramInstance.swift; path = ProgramInstance.swift; sourceTree = "<group>"; };
		3CA24116A734F020DC833E51 /* ExercisePrescription.swift */ = {isa = PBXFileReference; lastKnownFileType = sourcecode.swift; name = ExercisePrescription.swift; path = ExercisePrescription.swift; sourceTree = "<group>"; };
		402B41029D672B0A24A13EE9 /* PersistenceRoundTripTests.swift */ = {isa = PBXFileReference; lastKnownFileType = sourcecode.swift; name = PersistenceRoundTripTests.swift; path = PersistenceRoundTripTests.swift; sourceTree = "<group>"; };
		46D64E949638A868A703AD10 /* ProgramDefinition.swift */ = {isa = PBXFileReference; lastKnownFileType = sourcecode.swift; name = ProgramDefinition.swift; path = ProgramDefinition.swift; sourceTree = "<group>"; };
		4A914820BEE6C27927E7EC5B /* Recommendation.swift */ = {isa = PBXFileReference; lastKnownFileType = sourcecode.swift; name = Recommendation.swift; path = Recommendation.swift; sourceTree = "<group>"; };
		4F704C488C2613914192FD91 /* TrainingOS.app */ = {isa = PBXFileReference; explicitFileType = wrapper.application; includeInIndex = 0; path = TrainingOS.app; sourceTree = BUILT_PRODUCTS_DIR; };
		55294CB586C0774DCEE014DE /* Session.swift */ = {isa = PBXFileReference; lastKnownFileType = sourcecode.swift; name = Session.swift; path = Session.swift; sourceTree = "<group>"; };
		55DA4631A6FAA9AD32E226D5 /* PerformanceProfileStore.swift */ = {isa = PBXFileReference; lastKnownFileType = sourcecode.swift; name = PerformanceProfileStore.swift; path = PerformanceProfileStore.swift; sourceTree = "<group>"; };
		563A48A4BF8EE6E706C7573F /* PerformanceProfile.swift */ = {isa = PBXFileReference; lastKnownFileType = sourcecode.swift; name = PerformanceProfile.swift; path = PerformanceProfile.swift; sourceTree = "<group>"; };
		564741819A9BC4BB6B55966D /* TrainingPlan.swift */ = {isa = PBXFileReference; lastKnownFileType = sourcecode.swift; name = TrainingPlan.swift; path = TrainingPlan.swift; sourceTree = "<group>"; };
		628449A59C09C8F04912540C /* Goal.swift */ = {isa = PBXFileReference; lastKnownFileType = sourcecode.swift; name = Goal.swift; path = Goal.swift; sourceTree = "<group>"; };
		63D243BDABFE7155E54C4700 /* TodayView.swift */ = {isa = PBXFileReference; lastKnownFileType = sourcecode.swift; name = TodayView.swift; path = TodayView.swift; sourceTree = "<group>"; };
		67A94EB082BEEB5364382007 /* PerformanceProfileContinuityTests.swift */ = {isa = PBXFileReference; lastKnownFileType = sourcecode.swift; name = PerformanceProfileContinuityTests.swift; path = PerformanceProfileContinuityTests.swift; sourceTree = "<group>"; };
		67AD4467B8B43750EB806902 /* TrainingWeek.swift */ = {isa = PBXFileReference; lastKnownFileType = sourcecode.swift; name = TrainingWeek.swift; path = TrainingWeek.swift; sourceTree = "<group>"; };
		6FFF44B994BD998E21FDA2B1 /* Assets.xcassets */ = {isa = PBXFileReference; lastKnownFileType = folder.assetcatalog; name = Assets.xcassets; path = Assets.xcassets; sourceTree = "<group>"; };
		76B44D0B853C5E3B6EA76F9E /* ScoringEngineTests.swift */ = {isa = PBXFileReference; lastKnownFileType = sourcecode.swift; name = ScoringEngineTests.swift; path = ScoringEngineTests.swift; sourceTree = "<group>"; };
		7BA1427DA0609DC116808540 /* RootTabView.swift */ = {isa = PBXFileReference; lastKnownFileType = sourcecode.swift; name = RootTabView.swift; path = RootTabView.swift; sourceTree = "<group>"; };
		7F8E4FC0837A908866A5600D /* TrainingPhase.swift */ = {isa = PBXFileReference; lastKnownFileType = sourcecode.swift; name = TrainingPhase.swift; path = TrainingPhase.swift; sourceTree = "<group>"; };
		8027414FAF70D2174E5C77C4 /* Enums.swift */ = {isa = PBXFileReference; lastKnownFileType = sourcecode.swift; name = Enums.swift; path = Enums.swift; sourceTree = "<group>"; };
		86D3417CB5AF4594F4ABD961 /* ScoringEngine.swift */ = {isa = PBXFileReference; lastKnownFileType = sourcecode.swift; name = ScoringEngine.swift; path = ScoringEngine.swift; sourceTree = "<group>"; };
		8FD448339AD7743C6E96C5E8 /* PlanView.swift */ = {isa = PBXFileReference; lastKnownFileType = sourcecode.swift; name = PlanView.swift; path = PlanView.swift; sourceTree = "<group>"; };
		94AC491AB3B2B5127C417389 /* TodayViewModel.swift */ = {isa = PBXFileReference; lastKnownFileType = sourcecode.swift; name = TodayViewModel.swift; path = TodayViewModel.swift; sourceTree = "<group>"; };
		99D74BC7A58F6C8626BC0729 /* SetPrescription.swift */ = {isa = PBXFileReference; lastKnownFileType = sourcecode.swift; name = SetPrescription.swift; path = SetPrescription.swift; sourceTree = "<group>"; };
		9F494283AF1486C79968302B /* UserProfile.swift */ = {isa = PBXFileReference; lastKnownFileType = sourcecode.swift; name = UserProfile.swift; path = UserProfile.swift; sourceTree = "<group>"; };
		ADE74EB1AA70E773434FD7AE /* RecordSetResultUseCase.swift */ = {isa = PBXFileReference; lastKnownFileType = sourcecode.swift; name = RecordSetResultUseCase.swift; path = RecordSetResultUseCase.swift; sourceTree = "<group>"; };
		BC96486DA9896260DC3A6B03 /* WorkoutBlock.swift */ = {isa = PBXFileReference; lastKnownFileType = sourcecode.swift; name = WorkoutBlock.swift; path = WorkoutBlock.swift; sourceTree = "<group>"; };
		C0F84DFD9FD440940FC214C7 /* ExerciseAlias.swift */ = {isa = PBXFileReference; lastKnownFileType = sourcecode.swift; name = ExerciseAlias.swift; path = ExerciseAlias.swift; sourceTree = "<group>"; };
		D68D4140A10109FC098C5519 /* SetResult.swift */ = {isa = PBXFileReference; lastKnownFileType = sourcecode.swift; name = SetResult.swift; path = SetResult.swift; sourceTree = "<group>"; };
		D7314521A9B89EAE46D6793A /* User.swift */ = {isa = PBXFileReference; lastKnownFileType = sourcecode.swift; name = User.swift; path = User.swift; sourceTree = "<group>"; };
		D7344E69A1D7073EB3F00E86 /* SeedScenarios.swift */ = {isa = PBXFileReference; lastKnownFileType = sourcecode.swift; name = SeedScenarios.swift; path = SeedScenarios.swift; sourceTree = "<group>"; };
		D9D942DA834B4DBF2B29E815 /* DomainModelScenarioTests.swift */ = {isa = PBXFileReference; lastKnownFileType = sourcecode.swift; name = DomainModelScenarioTests.swift; path = DomainModelScenarioTests.swift; sourceTree = "<group>"; };
		DC82472CB82A7B5F173E2B3E /* ProgressionEngine.swift */ = {isa = PBXFileReference; lastKnownFileType = sourcecode.swift; name = ProgressionEngine.swift; path = ProgressionEngine.swift; sourceTree = "<group>"; };
		DDED4D97B6DCEDFC548CFA0F /* DeleteRuleMatrixTests.swift */ = {isa = PBXFileReference; lastKnownFileType = sourcecode.swift; name = DeleteRuleMatrixTests.swift; path = DeleteRuleMatrixTests.swift; sourceTree = "<group>"; };
		E5CA481F87C9ED38C25B3099 /* RelationshipOwnershipTests.swift */ = {isa = PBXFileReference; lastKnownFileType = sourcecode.swift; name = RelationshipOwnershipTests.swift; path = RelationshipOwnershipTests.swift; sourceTree = "<group>"; };
		ECCC40E4A327796A7834F6BF /* WorkoutResult.swift */ = {isa = PBXFileReference; lastKnownFileType = sourcecode.swift; name = WorkoutResult.swift; path = WorkoutResult.swift; sourceTree = "<group>"; };
		F05042E6BB8806D380AB1FEA /* RecordWorkoutResultUseCase.swift */ = {isa = PBXFileReference; lastKnownFileType = sourcecode.swift; name = RecordWorkoutResultUseCase.swift; path = RecordWorkoutResultUseCase.swift; sourceTree = "<group>"; };
		F06C4A8EB70BD939F88E40F0 /* ExerciseCatalog.swift */ = {isa = PBXFileReference; lastKnownFileType = sourcecode.swift; name = ExerciseCatalog.swift; path = ExerciseCatalog.swift; sourceTree = "<group>"; };
		F57E4BE7B19DB8066F238EAF /* README.swift */ = {isa = PBXFileReference; lastKnownFileType = sourcecode.swift; name = README.swift; path = README.swift; sourceTree = "<group>"; };
		F6984363BAB3C25F821C4A68 /* Theme.swift */ = {isa = PBXFileReference; lastKnownFileType = sourcecode.swift; name = Theme.swift; path = Theme.swift; sourceTree = "<group>"; };
		F70B46E9AB8CC9CF1BA4A8F3 /* PersonalRecord.swift */ = {isa = PBXFileReference; lastKnownFileType = sourcecode.swift; name = PersonalRecord.swift; path = PersonalRecord.swift; sourceTree = "<group>"; };
		F84640CCABE624D401BCE49B /* DoubleProgressionEngineTests.swift */ = {isa = PBXFileReference; lastKnownFileType = sourcecode.swift; name = DoubleProgressionEngineTests.swift; path = DoubleProgressionEngineTests.swift; sourceTree = "<group>"; };
/* End PBXFileReference section */

/* Begin PBXGroup section */
		07DA44F2BD4BA945FC4984EB /* Persistence */ = {
			isa = PBXGroup;
			children = (
				1AEB4E9B9245FE322277D6DE /* PersistenceController.swift */,
			);
			name = Persistence;
			path = Persistence;
			sourceTree = "<group>";
		};
		154C4F1684C9F741935CDC89 /* Theme */ = {
			isa = PBXGroup;
			children = (
				F6984363BAB3C25F821C4A68 /* Theme.swift */,
			);
			name = Theme;
			path = Theme;
			sourceTree = "<group>";
		};
		1994491A911DEFEF120C1287 /* Integrations */ = {
			isa = PBXGroup;
			children = (
				F57E4BE7B19DB8066F238EAF /* README.swift */,
			);
			name = Integrations;
			path = Integrations;
			sourceTree = "<group>";
		};
		1B5B4B44BAB1FDC49E31C04F /* Application */ = {
			isa = PBXGroup;
			children = (
				D4954FC8937591E23C03CB68 /* ViewModels */,
				BC13427F8071F5D1DEC43818 /* UseCases */,
				60A0443781E54A957401ABBD /* Seed */,
			);
			name = Application;
			path = Application;
			sourceTree = "<group>";
		};
		34164D34A81CFF1469AEC5B9 /* UI */ = {
			isa = PBXGroup;
			children = (
				B8D54847AD6B3DC5E4EECC8A /* Today */,
				FA19483A95876E78921023C2 /* Plan */,
				154C4F1684C9F741935CDC89 /* Theme */,
				7BA1427DA0609DC116808540 /* RootTabView.swift */,
				B0CD425CBFC380052D2CC46D /* Progress */,
			);
			name = UI;
			path = UI;
			sourceTree = "<group>";
		};
		4C3248D2B49DB9BB86676694 /* Products */ = {
			isa = PBXGroup;
			children = (
				4F704C488C2613914192FD91 /* TrainingOS.app */,
				10384933A92AB76C3DBADFFB /* TrainingOSTests.xctest */,
			);
			name = Products;
			sourceTree = "<group>";
		};
		5D6445D6ACF0B97FE37422F1 /* App */ = {
			isa = PBXGroup;
			children = (
				0ECE4ED38B8BB5D487926AE2 /* TrainingOSApp.swift */,
			);
			name = App;
			path = App;
			sourceTree = "<group>";
		};
		60A0443781E54A957401ABBD /* Seed */ = {
			isa = PBXGroup;
			children = (
				F06C4A8EB70BD939F88E40F0 /* ExerciseCatalog.swift */,
				D7344E69A1D7073EB3F00E86 /* SeedScenarios.swift */,
				3393410798D83BA9A1A3C6B2 /* SeedDataProvider.swift */,
			);
			name = Seed;
			path = Seed;
			sourceTree = "<group>";
		};
		8A7E41F8B6902B72394EDC1B /* ValueTypes */ = {
			isa = PBXGroup;
			children = (
				8027414FAF70D2174E5C77C4 /* Enums.swift */,
			);
			name = ValueTypes;
			path = ValueTypes;
			sourceTree = "<group>";
		};
		94584B4FB0E027F966E3CBAC /* Resources */ = {
			isa = PBXGroup;
			children = (
				6FFF44B994BD998E21FDA2B1 /* Assets.xcassets */,
			);
			name = Resources;
			path = Resources;
			sourceTree = "<group>";
		};
		98AD424AB3B0130CAC9C01E3 /* TrainingOSTests */ = {
			isa = PBXGroup;
			children = (
				D9D942DA834B4DBF2B29E815 /* DomainModelScenarioTests.swift */,
				76B44D0B853C5E3B6EA76F9E /* ScoringEngineTests.swift */,
				F84640CCABE624D401BCE49B /* DoubleProgressionEngineTests.swift */,
				402B41029D672B0A24A13EE9 /* PersistenceRoundTripTests.swift */,
				DDED4D97B6DCEDFC548CFA0F /* DeleteRuleMatrixTests.swift */,
				67A94EB082BEEB5364382007 /* PerformanceProfileContinuityTests.swift */,
				E5CA481F87C9ED38C25B3099 /* RelationshipOwnershipTests.swift */,
			);
			name = TrainingOSTests;
			path = TrainingOSTests;
			sourceTree = "<group>";
		};
		B0CD425CBFC380052D2CC46D /* Progress */ = {
			isa = PBXGroup;
			children = (
				1A9E4143B632AF906A87ABB3 /* ProgressView.swift */,
			);
			name = Progress;
			path = Progress;
			sourceTree = "<group>";
		};
		B4214C84A1EE46366030AB3D /* Domain */ = {
			isa = PBXGroup;
			children = (
				DD4E4815AAC5756EC34F8EEF /* Entities */,
				8A7E41F8B6902B72394EDC1B /* ValueTypes */,
			);
			name = Domain;
			path = Domain;
			sourceTree = "<group>";
		};
		B8D54847AD6B3DC5E4EECC8A /* Today */ = {
			isa = PBXGroup;
			children = (
				63D243BDABFE7155E54C4700 /* TodayView.swift */,
			);
			name = Today;
			path = Today;
			sourceTree = "<group>";
		};
		BC13427F8071F5D1DEC43818 /* UseCases */ = {
			isa = PBXGroup;
			children = (
				ADE74EB1AA70E773434FD7AE /* RecordSetResultUseCase.swift */,
				55DA4631A6FAA9AD32E226D5 /* PerformanceProfileStore.swift */,
				F05042E6BB8806D380AB1FEA /* RecordWorkoutResultUseCase.swift */,
			);
			name = UseCases;
			path = UseCases;
			sourceTree = "<group>";
		};
		D40C4C25934001EAFF8A9833 /* Engines */ = {
			isa = PBXGroup;
			children = (
				86D3417CB5AF4594F4ABD961 /* ScoringEngine.swift */,
				0BDC45519916B152815768FA /* DoubleProgressionEngine.swift */,
				DC82472CB82A7B5F173E2B3E /* ProgressionEngine.swift */,
			);
			name = Engines;
			path = Engines;
			sourceTree = "<group>";
		};
		D4954FC8937591E23C03CB68 /* ViewModels */ = {
			isa = PBXGroup;
			children = (
				01384BEE8C06AB6AF0FD4C91 /* PlanViewModel.swift */,
				94AC491AB3B2B5127C417389 /* TodayViewModel.swift */,
				33BA4F0A8058D84B94D9C93E /* ProgressViewModel.swift */,
			);
			name = ViewModels;
			path = ViewModels;
			sourceTree = "<group>";
		};
		D7A74A2A9F7956ACD62287AE /* TrainingOS */ = {
			isa = PBXGroup;
			children = (
				34164D34A81CFF1469AEC5B9 /* UI */,
				B4214C84A1EE46366030AB3D /* Domain */,
				1994491A911DEFEF120C1287 /* Integrations */,
				5D6445D6ACF0B97FE37422F1 /* App */,
				94584B4FB0E027F966E3CBAC /* Resources */,
				D40C4C25934001EAFF8A9833 /* Engines */,
				07DA44F2BD4BA945FC4984EB /* Persistence */,
				1B5B4B44BAB1FDC49E31C04F /* Application */,
			);
			name = TrainingOS;
			path = TrainingOS;
			sourceTree = "<group>";
		};
		DD4E4815AAC5756EC34F8EEF /* Entities */ = {
			isa = PBXGroup;
			children = (
				4A914820BEE6C27927E7EC5B /* Recommendation.swift */,
				1DBA416DB9163241C8904958 /* Exercise.swift */,
				628449A59C09C8F04912540C /* Goal.swift */,
				9F494283AF1486C79968302B /* UserProfile.swift */,
				7F8E4FC0837A908866A5600D /* TrainingPhase.swift */,
				D7314521A9B89EAE46D6793A /* User.swift */,
				46D64E949638A868A703AD10 /* ProgramDefinition.swift */,
				C0F84DFD9FD440940FC214C7 /* ExerciseAlias.swift */,
				563A48A4BF8EE6E706C7573F /* PerformanceProfile.swift */,
				564741819A9BC4BB6B55966D /* TrainingPlan.swift */,
				BC96486DA9896260DC3A6B03 /* WorkoutBlock.swift */,
				F70B46E9AB8CC9CF1BA4A8F3 /* PersonalRecord.swift */,
				ECCC40E4A327796A7834F6BF /* WorkoutResult.swift */,
				55294CB586C0774DCEE014DE /* Session.swift */,
				67AD4467B8B43750EB806902 /* TrainingWeek.swift */,
				1DDA45118C25D6BE76988880 /* Day.swift */,
				D68D4140A10109FC098C5519 /* SetResult.swift */,
				99D74BC7A58F6C8626BC0729 /* SetPrescription.swift */,
				2DEB484F86903D19EF5EE3A1 /* ExercisePerformanceProfile.swift */,
				3CA24116A734F020DC833E51 /* ExercisePrescription.swift */,
				3A614E96810AF5695FFB2959 /* ProgramInstance.swift */,
			);
			name = Entities;
			path = Entities;
			sourceTree = "<group>";
		};
		F74D4ABC8E44603FB05C34FF = {
			isa = PBXGroup;
			children = (
				4C3248D2B49DB9BB86676694 /* Products */,
				D7A74A2A9F7956ACD62287AE /* TrainingOS */,
				98AD424AB3B0130CAC9C01E3 /* TrainingOSTests */,
			);
			sourceTree = "<group>";
		};
		FA19483A95876E78921023C2 /* Plan */ = {
			isa = PBXGroup;
			children = (
				8FD448339AD7743C6E96C5E8 /* PlanView.swift */,
			);
			name = Plan;
			path = Plan;
			sourceTree = "<group>";
		};
/* End PBXGroup section */

/* Begin PBXNativeTarget section */
		0FDA46828D6F8B64DADCC64F /* TrainingOSTests */ = {
			isa = PBXNativeTarget;
			buildConfigurationList = 3BF64599ACD63617C83B25E1 /* Build configuration list for PBXNativeTarget "TrainingOSTests" */;
			buildPhases = (
				D3954ED19474980A8DBDBD94 /* Sources */,
			);
			buildRules = (
			);
			dependencies = (
				10D145B38E2AE0E86C04633F /* PBXTargetDependency */,
			);
			name = TrainingOSTests;
			productName = TrainingOSTests;
			productReference = 10384933A92AB76C3DBADFFB /* TrainingOSTests.xctest */;
			productType = "com.apple.product-type.bundle.unit-test";
		};
		5C83497D906518FBFBA0078F /* TrainingOS */ = {
			isa = PBXNativeTarget;
			buildConfigurationList = 58234AA7BC07F28C8D940D5C /* Build configuration list for PBXNativeTarget "TrainingOS" */;
			buildPhases = (
				8D0E4A0288A5DD31F0A68459 /* Sources */,
				F468491DA864BAECAA049024 /* Resources */,
			);
			buildRules = (
			);
			dependencies = (
			);
			name = TrainingOS;
			productName = TrainingOS;
			productReference = 4F704C488C2613914192FD91 /* TrainingOS.app */;
			productType = "com.apple.product-type.application";
		};
/* End PBXNativeTarget section */

/* Begin PBXProject section */
		D3B3434C96A7E8F831D71BD7 /* Project object */ = {
			isa = PBXProject;
			attributes = {
				BuildIndependentTargetsInParallel = YES;
				LastSwiftUpdateCheck = 1600;
				LastUpgradeCheck = 1600;
				TargetAttributes = {
					0FDA46828D6F8B64DADCC64F = {
						CreatedOnToolsVersion = 16.0;
						TestTargetID = 5C83497D906518FBFBA0078F;
					};
					5C83497D906518FBFBA0078F = {
						CreatedOnToolsVersion = 16.0;
					};
				};
			};
			buildConfigurationList = 36FD4132968F565EB0F61DF5 /* Build configuration list for PBXProject "TrainingOS" */;
			compatibilityVersion = "Xcode 14.0";
			developmentRegion = en;
			hasScannedForEncodings = 0;
			knownRegions = (
				en,
				Base,
			);
			mainGroup = F74D4ABC8E44603FB05C34FF;
			productRefGroup = 4C3248D2B49DB9BB86676694 /* Products */;
			projectDirPath = "";
			projectRoot = "";
			targets = (
				5C83497D906518FBFBA0078F /* TrainingOS */,
				0FDA46828D6F8B64DADCC64F /* TrainingOSTests */,
			);
		};
/* End PBXProject section */

/* Begin PBXResourcesBuildPhase section */
		F468491DA864BAECAA049024 /* Resources */ = {
			isa = PBXResourcesBuildPhase;
			buildActionMask = 2147483647;
			files = (
				45D64C7E9DADC2C80E025C64 /* Assets.xcassets in Resources */,
			);
			runOnlyForDeploymentPostprocessing = 0;
		};
/* End PBXResourcesBuildPhase section */

/* Begin PBXSourcesBuildPhase section */
		8D0E4A0288A5DD31F0A68459 /* Sources */ = {
			isa = PBXSourcesBuildPhase;
			buildActionMask = 2147483647;
			files = (
				E10A4DC4B15C67A4525EC555 /* TodayView.swift in Sources */,
				265942CB91408A5FC1431A7C /* PlanView.swift in Sources */,
				A5DE443B9820016F7B25503F /* Theme.swift in Sources */,
				52184A07B208D7A28490CBC1 /* RootTabView.swift in Sources */,
				3CCE48928EE09D9EB5DFFF3A /* ProgressView.swift in Sources */,
				833740FE9296ED25B5A080C1 /* Recommendation.swift in Sources */,
				A0E64E92B88A49379ADD7DB3 /* Exercise.swift in Sources */,
				4F7941B8BE6A451F5C0DDCDD /* Goal.swift in Sources */,
				9AC746B1A8964441D92DCB96 /* UserProfile.swift in Sources */,
				8A5B4D17874ACE3DD0C64C64 /* TrainingPhase.swift in Sources */,
				EB7343F88B7CD1686ED4BFDA /* User.swift in Sources */,
				6DD6470FBDAB99117E6A361B /* ProgramDefinition.swift in Sources */,
				8A1B49BF80F22EBA4D6A7A7D /* ExerciseAlias.swift in Sources */,
				86A54A6AAAA0F70E174E137C /* PerformanceProfile.swift in Sources */,
				686149BC8F6B565266AA1FD3 /* TrainingPlan.swift in Sources */,
				2F4E4A568F4646C7DBFA3283 /* WorkoutBlock.swift in Sources */,
				39524618A01A1DB585AC1742 /* PersonalRecord.swift in Sources */,
				B8E64EC380D37CC3C6CA2B0F /* WorkoutResult.swift in Sources */,
				D4D74B3EB2DFC1C3AEC60580 /* Session.swift in Sources */,
				79924882A28404C1BF408077 /* TrainingWeek.swift in Sources */,
				366443E5BD8999C8E78E0652 /* Day.swift in Sources */,
				FF804079BD522BED37199376 /* SetResult.swift in Sources */,
				3C4C42BEB1C79AB8690D8B49 /* SetPrescription.swift in Sources */,
				154D444194FD87D87C51AE2E /* ExercisePerformanceProfile.swift in Sources */,
				41944FBF8F5D7CCAB219705C /* ExercisePrescription.swift in Sources */,
				98B34629849826709043794A /* ProgramInstance.swift in Sources */,
				BEC248D98E1EACD486A5E0A6 /* Enums.swift in Sources */,
				19564717B078ADEF7C9B3DBA /* README.swift in Sources */,
				15C34FAE988AC886CE32B556 /* TrainingOSApp.swift in Sources */,
				5A7146D9B5BF1CC1E9412C4C /* ScoringEngine.swift in Sources */,
				B492470A82C704361DFD83D9 /* DoubleProgressionEngine.swift in Sources */,
				D7DF49389681F3AC9A616EB3 /* ProgressionEngine.swift in Sources */,
				B814434288F5F24C68B84D7E /* PersistenceController.swift in Sources */,
				81184E0E92B768DE3A108950 /* PlanViewModel.swift in Sources */,
				F073438A89CC5C7DDE434375 /* TodayViewModel.swift in Sources */,
				AA53455B97702276246502BD /* ProgressViewModel.swift in Sources */,
				1A1D408293D161A258FD95B2 /* RecordSetResultUseCase.swift in Sources */,
				3556469B84F6CA401093BD7E /* PerformanceProfileStore.swift in Sources */,
				D43B488AADE01550F3871640 /* RecordWorkoutResultUseCase.swift in Sources */,
				2AE7446E8A74C71285070957 /* ExerciseCatalog.swift in Sources */,
				9ACB409BBBCAAC0881382041 /* SeedScenarios.swift in Sources */,
				DAA74118BCD45CB03110C22A /* SeedDataProvider.swift in Sources */,
			);
			runOnlyForDeploymentPostprocessing = 0;
		};
		D3954ED19474980A8DBDBD94 /* Sources */ = {
			isa = PBXSourcesBuildPhase;
			buildActionMask = 2147483647;
			files = (
				026249F78BA3FB558A44A437 /* DomainModelScenarioTests.swift in Sources */,
				CFBC43BDBB86765CE0876E76 /* ScoringEngineTests.swift in Sources */,
				42AF49CBB4EE9C12D68A4AE3 /* DoubleProgressionEngineTests.swift in Sources */,
				A1DD417290C274A1FA53C21E /* PersistenceRoundTripTests.swift in Sources */,
				2A0B46528B97BFD96382189C /* DeleteRuleMatrixTests.swift in Sources */,
				36304ABB8AD6372A4B32A404 /* PerformanceProfileContinuityTests.swift in Sources */,
				9885484D83C8AC798FD22E4F /* RelationshipOwnershipTests.swift in Sources */,
			);
			runOnlyForDeploymentPostprocessing = 0;
		};
/* End PBXSourcesBuildPhase section */

/* Begin PBXTargetDependency section */
		10D145B38E2AE0E86C04633F /* PBXTargetDependency */ = {
			isa = PBXTargetDependency;
			target = 5C83497D906518FBFBA0078F /* TrainingOS */;
			targetProxy = A1AE40FAA954C9122721ED5C /* PBXContainerItemProxy */;
		};
/* End PBXTargetDependency section */

/* Begin XCBuildConfiguration section */
		19F84139B61D86AAC3D68E4E /* Debug */ = {
			isa = XCBuildConfiguration;
			buildSettings = {
				ALWAYS_SEARCH_USER_PATHS = NO;
				CLANG_ANALYZER_NONNULL = YES;
				CLANG_ANALYZER_NUMBER_OBJECT_CONVERSION = YES_AGGRESSIVE;
				CLANG_CXX_LANGUAGE_STANDARD = "gnu++20";
				CLANG_ENABLE_MODULES = YES;
				CLANG_ENABLE_OBJC_ARC = YES;
				CLANG_ENABLE_OBJC_WEAK = YES;
				CLANG_WARN_BOOL_CONVERSION = YES;
				CLANG_WARN_DIRECT_OBJC_ISA_USAGE = YES_ERROR;
				CLANG_WARN_DOCUMENTATION_COMMENTS = YES;
				CLANG_WARN_EMPTY_BODY = YES;
				CLANG_WARN_OBJC_ROOT_CLASS = YES_ERROR;
				CLANG_WARN_UNREACHABLE_CODE = YES;
				CLANG_WARN__DUPLICATE_METHOD_MATCH = YES;
				COPY_PHASE_STRIP = NO;
				DEBUG_INFORMATION_FORMAT = dwarf;
				ENABLE_STRICT_OBJC_MSGSEND = YES;
				ENABLE_TESTABILITY = YES;
				ENABLE_USER_SCRIPT_SANDBOXING = YES;
				GCC_C_LANGUAGE_STANDARD = gnu17;
				GCC_DYNAMIC_NO_PIC = NO;
				GCC_NO_COMMON_BLOCKS = YES;
				GCC_OPTIMIZATION_LEVEL = 0;
				GCC_PREPROCESSOR_DEFINITIONS = (
					"DEBUG=1",
					"$(inherited)",
				);
				GCC_WARN_64_TO_32_BIT_CONVERSION = YES;
				GCC_WARN_ABOUT_RETURN_TYPE = YES_ERROR;
				GCC_WARN_UNDECLARED_SELECTOR = YES;
				GCC_WARN_UNINITIALIZED_AUTOS = YES_AGGRESSIVE;
				GCC_WARN_UNUSED_FUNCTION = YES;
				GCC_WARN_UNUSED_VARIABLE = YES;
				IPHONEOS_DEPLOYMENT_TARGET = 18.0;
				MTL_ENABLE_DEBUG_INFO = INCLUDE_SOURCE;
				MTL_FAST_MATH = YES;
				ONLY_ACTIVE_ARCH = YES;
				SDKROOT = iphoneos;
				SWIFT_ACTIVE_COMPILATION_CONDITIONS = DEBUG;
				SWIFT_OPTIMIZATION_LEVEL = "-Onone";
			};
			name = Debug;
		};
		4AA04BB59D2DB510806E88D1 /* Release */ = {
			isa = XCBuildConfiguration;
			buildSettings = {
				ALWAYS_SEARCH_USER_PATHS = NO;
				CLANG_ANALYZER_NONNULL = YES;
				CLANG_ANALYZER_NUMBER_OBJECT_CONVERSION = YES_AGGRESSIVE;
				CLANG_CXX_LANGUAGE_STANDARD = "gnu++20";
				CLANG_ENABLE_MODULES = YES;
				CLANG_ENABLE_OBJC_ARC = YES;
				CLANG_ENABLE_OBJC_WEAK = YES;
				CLANG_WARN_BOOL_CONVERSION = YES;
				CLANG_WARN_DIRECT_OBJC_ISA_USAGE = YES_ERROR;
				CLANG_WARN_DOCUMENTATION_COMMENTS = YES;
				CLANG_WARN_EMPTY_BODY = YES;
				CLANG_WARN_OBJC_ROOT_CLASS = YES_ERROR;
				CLANG_WARN_UNREACHABLE_CODE = YES;
				CLANG_WARN__DUPLICATE_METHOD_MATCH = YES;
				COPY_PHASE_STRIP = NO;
				DEBUG_INFORMATION_FORMAT = "dwarf-with-dsym";
				ENABLE_NS_ASSERTIONS = NO;
				ENABLE_STRICT_OBJC_MSGSEND = YES;
				ENABLE_USER_SCRIPT_SANDBOXING = YES;
				GCC_C_LANGUAGE_STANDARD = gnu17;
				GCC_NO_COMMON_BLOCKS = YES;
				GCC_WARN_64_TO_32_BIT_CONVERSION = YES;
				GCC_WARN_ABOUT_RETURN_TYPE = YES_ERROR;
				GCC_WARN_UNDECLARED_SELECTOR = YES;
				GCC_WARN_UNINITIALIZED_AUTOS = YES_AGGRESSIVE;
				GCC_WARN_UNUSED_FUNCTION = YES;
				GCC_WARN_UNUSED_VARIABLE = YES;
				IPHONEOS_DEPLOYMENT_TARGET = 18.0;
				MTL_ENABLE_DEBUG_INFO = NO;
				MTL_FAST_MATH = YES;
				SDKROOT = iphoneos;
				SWIFT_COMPILATION_MODE = wholemodule;
				VALIDATE_PRODUCT = YES;
			};
			name = Release;
		};
		761B4879917461729838E61D /* Debug */ = {
			isa = XCBuildConfiguration;
			buildSettings = {
				ASSETCATALOG_COMPILER_APPICON_NAME = AppIcon;
				ASSETCATALOG_COMPILER_GLOBAL_ACCENT_COLOR_NAME = AccentColor;
				CODE_SIGN_STYLE = Automatic;
				CURRENT_PROJECT_VERSION = 1;
				DEVELOPMENT_ASSET_PATHS = "";
				ENABLE_PREVIEWS = YES;
				FRAMEWORK_SEARCH_PATHS = (
					"$(SRCROOT)/TrainingOS/Resources",
					"$(inherited)",
				);
				GENERATE_INFOPLIST_FILE = YES;
				INFOPLIST_KEY_CFBundleDisplayName = "Training OS";
				INFOPLIST_KEY_UIApplicationSceneManifest_Generation = YES;
				INFOPLIST_KEY_UILaunchScreen_Generation = YES;
				INFOPLIST_KEY_UISupportedInterfaceOrientations = UIInterfaceOrientationPortrait;
				LD_RUNPATH_SEARCH_PATHS = (
					"$(inherited)",
					"@executable_path/Frameworks",
				);
				LIBRARY_SEARCH_PATHS = (
					"$(SRCROOT)/TrainingOS/UI/Today",
					"$(SRCROOT)/TrainingOS/UI/Plan",
					"$(SRCROOT)/TrainingOS/UI/Theme",
					"$(SRCROOT)/TrainingOS/UI",
					"$(SRCROOT)/TrainingOS/UI/Progress",
					"$(SRCROOT)/TrainingOS/Domain/Entities",
					"$(SRCROOT)/TrainingOS/Domain/ValueTypes",
					"$(SRCROOT)/TrainingOS/Integrations",
					"$(SRCROOT)/TrainingOS/App",
					"$(SRCROOT)/TrainingOS/Engines",
					"$(SRCROOT)/TrainingOS/Persistence",
					"$(SRCROOT)/TrainingOS/Application/ViewModels",
					"$(SRCROOT)/TrainingOS/Application/UseCases",
					"$(SRCROOT)/TrainingOS/Application/Seed",
					"$(SRCROOT)/TrainingOSTests",
				);
				MARKETING_VERSION = 1.0;
				PRODUCT_BUNDLE_IDENTIFIER = com.macadegolf.trainingos;
				PRODUCT_NAME = "$(TARGET_NAME)";
				SWIFT_EMIT_LOC_STRINGS = YES;
				SWIFT_VERSION = 5.0;
				TARGETED_DEVICE_FAMILY = 1;
			};
			name = Debug;
		};
		771B46409EAB091F71549917 /* Debug */ = {
			isa = XCBuildConfiguration;
			buildSettings = {
				BUNDLE_LOADER = "$(TEST_HOST)";
				CODE_SIGN_STYLE = Automatic;
				CURRENT_PROJECT_VERSION = 1;
				FRAMEWORK_SEARCH_PATHS = (
					"$(SRCROOT)/TrainingOS/Resources",
					"$(inherited)",
				);
				GENERATE_INFOPLIST_FILE = YES;
				IPHONEOS_DEPLOYMENT_TARGET = 18.0;
				LIBRARY_SEARCH_PATHS = (
					"$(SRCROOT)/TrainingOS/UI/Today",
					"$(SRCROOT)/TrainingOS/UI/Plan",
					"$(SRCROOT)/TrainingOS/UI/Theme",
					"$(SRCROOT)/TrainingOS/UI",
					"$(SRCROOT)/TrainingOS/UI/Progress",
					"$(SRCROOT)/TrainingOS/Domain/Entities",
					"$(SRCROOT)/TrainingOS/Domain/ValueTypes",
					"$(SRCROOT)/TrainingOS/Integrations",
					"$(SRCROOT)/TrainingOS/App",
					"$(SRCROOT)/TrainingOS/Engines",
					"$(SRCROOT)/TrainingOS/Persistence",
					"$(SRCROOT)/TrainingOS/Application/ViewModels",
					"$(SRCROOT)/TrainingOS/Application/UseCases",
					"$(SRCROOT)/TrainingOS/Application/Seed",
					"$(SRCROOT)/TrainingOSTests",
				);
				MARKETING_VERSION = 1.0;
				PRODUCT_BUNDLE_IDENTIFIER = com.macadegolf.trainingos.TrainingOSTests;
				PRODUCT_NAME = "$(TARGET_NAME)";
				SWIFT_EMIT_LOC_STRINGS = YES;
				SWIFT_VERSION = 5.0;
				TARGETED_DEVICE_FAMILY = 1;
				TEST_HOST = "$(BUILT_PRODUCTS_DIR)/TrainingOS.app/TrainingOS";
			};
			name = Debug;
		};
		CC734FB1AEAF0142507754C4 /* Release */ = {
			isa = XCBuildConfiguration;
			buildSettings = {
				BUNDLE_LOADER = "$(TEST_HOST)";
				CODE_SIGN_STYLE = Automatic;
				CURRENT_PROJECT_VERSION = 1;
				FRAMEWORK_SEARCH_PATHS = (
					"$(SRCROOT)/TrainingOS/Resources",
					"$(inherited)",
				);
				GENERATE_INFOPLIST_FILE = YES;
				IPHONEOS_DEPLOYMENT_TARGET = 18.0;
				LIBRARY_SEARCH_PATHS = (
					"$(SRCROOT)/TrainingOS/UI/Today",
					"$(SRCROOT)/TrainingOS/UI/Plan",
					"$(SRCROOT)/TrainingOS/UI/Theme",
					"$(SRCROOT)/TrainingOS/UI",
					"$(SRCROOT)/TrainingOS/UI/Progress",
					"$(SRCROOT)/TrainingOS/Domain/Entities",
					"$(SRCROOT)/TrainingOS/Domain/ValueTypes",
					"$(SRCROOT)/TrainingOS/Integrations",
					"$(SRCROOT)/TrainingOS/App",
					"$(SRCROOT)/TrainingOS/Engines",
					"$(SRCROOT)/TrainingOS/Persistence",
					"$(SRCROOT)/TrainingOS/Application/ViewModels",
					"$(SRCROOT)/TrainingOS/Application/UseCases",
					"$(SRCROOT)/TrainingOS/Application/Seed",
					"$(SRCROOT)/TrainingOSTests",
				);
				MARKETING_VERSION = 1.0;
				PRODUCT_BUNDLE_IDENTIFIER = com.macadegolf.trainingos.TrainingOSTests;
				PRODUCT_NAME = "$(TARGET_NAME)";
				SWIFT_EMIT_LOC_STRINGS = YES;
				SWIFT_VERSION = 5.0;
				TARGETED_DEVICE_FAMILY = 1;
				TEST_HOST = "$(BUILT_PRODUCTS_DIR)/TrainingOS.app/TrainingOS";
			};
			name = Release;
		};
		F0244A78BA6C196AA04A1464 /* Release */ = {
			isa = XCBuildConfiguration;
			buildSettings = {
				ASSETCATALOG_COMPILER_APPICON_NAME = AppIcon;
				ASSETCATALOG_COMPILER_GLOBAL_ACCENT_COLOR_NAME = AccentColor;
				CODE_SIGN_STYLE = Automatic;
				CURRENT_PROJECT_VERSION = 1;
				DEVELOPMENT_ASSET_PATHS = "";
				ENABLE_PREVIEWS = YES;
				FRAMEWORK_SEARCH_PATHS = (
					"$(SRCROOT)/TrainingOS/Resources",
					"$(inherited)",
				);
				GENERATE_INFOPLIST_FILE = YES;
				INFOPLIST_KEY_CFBundleDisplayName = "Training OS";
				INFOPLIST_KEY_UIApplicationSceneManifest_Generation = YES;
				INFOPLIST_KEY_UILaunchScreen_Generation = YES;
				INFOPLIST_KEY_UISupportedInterfaceOrientations = UIInterfaceOrientationPortrait;
				LD_RUNPATH_SEARCH_PATHS = (
					"$(inherited)",
					"@executable_path/Frameworks",
				);
				LIBRARY_SEARCH_PATHS = (
					"$(SRCROOT)/TrainingOS/UI/Today",
					"$(SRCROOT)/TrainingOS/UI/Plan",
					"$(SRCROOT)/TrainingOS/UI/Theme",
					"$(SRCROOT)/TrainingOS/UI",
					"$(SRCROOT)/TrainingOS/UI/Progress",
					"$(SRCROOT)/TrainingOS/Domain/Entities",
					"$(SRCROOT)/TrainingOS/Domain/ValueTypes",
					"$(SRCROOT)/TrainingOS/Integrations",
					"$(SRCROOT)/TrainingOS/App",
					"$(SRCROOT)/TrainingOS/Engines",
					"$(SRCROOT)/TrainingOS/Persistence",
					"$(SRCROOT)/TrainingOS/Application/ViewModels",
					"$(SRCROOT)/TrainingOS/Application/UseCases",
					"$(SRCROOT)/TrainingOS/Application/Seed",
					"$(SRCROOT)/TrainingOSTests",
				);
				MARKETING_VERSION = 1.0;
				PRODUCT_BUNDLE_IDENTIFIER = com.macadegolf.trainingos;
				PRODUCT_NAME = "$(TARGET_NAME)";
				SWIFT_EMIT_LOC_STRINGS = YES;
				SWIFT_VERSION = 5.0;
				TARGETED_DEVICE_FAMILY = 1;
			};
			name = Release;
		};
/* End XCBuildConfiguration section */

/* Begin XCConfigurationList section */
		36FD4132968F565EB0F61DF5 /* Build configuration list for PBXProject "TrainingOS" */ = {
			isa = XCConfigurationList;
			buildConfigurations = (
				19F84139B61D86AAC3D68E4E /* Debug */,
				4AA04BB59D2DB510806E88D1 /* Release */,
			);
			defaultConfigurationIsVisible = 0;
			defaultConfigurationName = Release;
		};
		3BF64599ACD63617C83B25E1 /* Build configuration list for PBXNativeTarget "TrainingOSTests" */ = {
			isa = XCConfigurationList;
			buildConfigurations = (
				771B46409EAB091F71549917 /* Debug */,
				CC734FB1AEAF0142507754C4 /* Release */,
			);
			defaultConfigurationIsVisible = 0;
			defaultConfigurationName = Release;
		};
		58234AA7BC07F28C8D940D5C /* Build configuration list for PBXNativeTarget "TrainingOS" */ = {
			isa = XCConfigurationList;
			buildConfigurations = (
				761B4879917461729838E61D /* Debug */,
				F0244A78BA6C196AA04A1464 /* Release */,
			);
			defaultConfigurationIsVisible = 0;
			defaultConfigurationName = Release;
		};
/* End XCConfigurationList section */
	};
	rootObject = D3B3434C96A7E8F831D71BD7 /* Project object */;
}
